
Microsoft Visual Studio Solution File, Format Version 12.00
# Visual Studio Version 16
VisualStudioVersion = 16.0.29920.165
MinimumVisualStudioVersion = 10.0.40219.1
Project("{FAE04EC0-301F-11D3-BF4B-00C04F79EFBC}") = "Taxi.Common", "Taxi.Common\Taxi.Common.csproj", "{5CB33075-FF99-4E03-9E67-CAEFC604B48E}"
EndProject
Project("{FAE04EC0-301F-11D3-BF4B-00C04F79EFBC}") = "Taxi.Web", "Taxi.Web\Taxi.Web.csproj", "{831D00BA-4671-4959-8646-C4B86C114349}"
EndProject
Project("{FAE04EC0-301F-11D3-BF4B-00C04F79EFBC}") = "Taxi.Prism", "Taxi.Prism\Taxi.Prism\Taxi.Prism.csproj", "{3B4E18F1-A87F-4A5B-9DA8-8481FC167012}"
EndProject
Project("{FAE04EC0-301F-11D3-BF4B-00C04F79EFBC}") = "Taxi.Prism.Android", "Taxi.Prism\Taxi.Prism.Android\Taxi.Prism.Android.csproj", "{856FF353-CFA9-458D-8706-0D30CDA71F99}"
EndProject
Project("{FAE04EC0-301F-11D3-BF4B-00C04F79EFBC}") = "Taxi.Prism.iOS", "Taxi.Prism\Taxi.Prism.iOS\Taxi.Prism.iOS.csproj", "{13870468-EDAB-475A-A469-7BD0463C8325}"
EndProject
Project("{FAE04EC0-301F-11D3-BF4B-00C04F79EFBC}") = "Taxi.Cross.Android", "Taxi.Cross.Android\Taxi.Cross.Android.csproj", "{01B3F773-2A5F-47B1-BDFF-21BA188FE315}"
EndProject
Project("{FAE04EC0-301F-11D3-BF4B-00C04F79EFBC}") = "Taxi.Cross.iOS", "Taxi.Cross.iOS\Taxi.Cross.iOS.csproj", "{BC159DE3-ED72-4669-9DD2-C15345B8F15D}"
EndProject
Global
	GlobalSection(SolutionConfigurationPlatforms) = preSolution
		Ad-Hoc|Any CPU = Ad-Hoc|Any CPU
		Ad-Hoc|iPhone = Ad-Hoc|iPhone
		Ad-Hoc|iPhoneSimulator = Ad-Hoc|iPhoneSimulator
		AppStore|Any CPU = AppStore|Any CPU
		AppStore|iPhone = AppStore|iPhone
		AppStore|iPhoneSimulator = AppStore|iPhoneSimulator
		Debug|Any CPU = Debug|Any CPU
		Debug|iPhone = Debug|iPhone
		Debug|iPhoneSimulator = Debug|iPhoneSimulator
		Release|Any CPU = Release|Any CPU
		Release|iPhone = Release|iPhone
		Release|iPhoneSimulator = Release|iPhoneSimulator
	EndGlobalSection
	GlobalSection(ProjectConfigurationPlatforms) = postSolution
		{5CB33075-FF99-4E03-9E67-CAEFC604B48E}.Ad-Hoc|Any CPU.ActiveCfg = Debug|Any CPU
		{5CB33075-FF99-4E03-9E67-CAEFC604B48E}.Ad-Hoc|Any CPU.Build.0 = Debug|Any CPU
		{5CB33075-FF99-4E03-9E67-CAEFC604B48E}.Ad-Hoc|iPhone.ActiveCfg = Debug|Any CPU
		{5CB33075-FF99-4E03-9E67-CAEFC604B48E}.Ad-Hoc|iPhone.Build.0 = Debug|Any CPU
		{5CB33075-FF99-4E03-9E67-CAEFC604B48E}.Ad-Hoc|iPhoneSimulator.ActiveCfg = Debug|Any CPU
		{5CB33075-FF99-4E03-9E67-CAEFC604B48E}.Ad-Hoc|iPhoneSimulator.Build.0 = Debug|Any CPU
		{5CB33075-FF99-4E03-9E67-CAEFC604B48E}.AppStore|Any CPU.ActiveCfg = Debug|Any CPU
		{5CB33075-FF99-4E03-9E67-CAEFC604B48E}.AppStore|Any CPU.Build.0 = Debug|Any CPU
		{5CB33075-FF99-4E03-9E67-CAEFC604B48E}.AppStore|iPhone.ActiveCfg = Debug|Any CPU
		{5CB33075-FF99-4E03-9E67-CAEFC604B48E}.AppStore|iPhone.Build.0 = Debug|Any CPU
		{5CB33075-FF99-4E03-9E67-CAEFC604B48E}.AppStore|iPhoneSimulator.ActiveCfg = Debug|Any CPU
		{5CB33075-FF99-4E03-9E67-CAEFC604B48E}.AppStore|iPhoneSimulator.Build.0 = Debug|Any CPU
		{5CB33075-FF99-4E03-9E67-CAEFC604B48E}.Debug|Any CPU.ActiveCfg = Debug|Any CPU
		{5CB33075-FF99-4E03-9E67-CAEFC604B48E}.Debug|Any CPU.Build.0 = Debug|Any CPU
		{5CB33075-FF99-4E03-9E67-CAEFC604B48E}.Debug|iPhone.ActiveCfg = Debug|Any CPU
		{5CB33075-FF99-4E03-9E67-CAEFC604B48E}.Debug|iPhone.Build.0 = Debug|Any CPU
		{5CB33075-FF99-4E03-9E67-CAEFC604B48E}.Debug|iPhoneSimulator.ActiveCfg = Debug|Any CPU
		{5CB33075-FF99-4E03-9E67-CAEFC604B48E}.Debug|iPhoneSimulator.Build.0 = Debug|Any CPU
		{5CB33075-FF99-4E03-9E67-CAEFC604B48E}.Release|Any CPU.ActiveCfg = Release|Any CPU
		{5CB33075-FF99-4E03-9E67-CAEFC604B48E}.Release|Any CPU.Build.0 = Release|Any CPU
		{5CB33075-FF99-4E03-9E67-CAEFC604B48E}.Release|iPhone.ActiveCfg = Release|Any CPU
		{5CB33075-FF99-4E03-9E67-CAEFC604B48E}.Release|iPhone.Build.0 = Release|Any CPU
		{5CB33075-FF99-4E03-9E67-CAEFC604B48E}.Release|iPhoneSimulator.ActiveCfg = Release|Any CPU
		{5CB33075-FF99-4E03-9E67-CAEFC604B48E}.Release|iPhoneSimulator.Build.0 = Release|Any CPU
		{831D00BA-4671-4959-8646-C4B86C114349}.Ad-Hoc|Any CPU.ActiveCfg = Debug|Any CPU
		{831D00BA-4671-4959-8646-C4B86C114349}.Ad-Hoc|Any CPU.Build.0 = Debug|Any CPU
		{831D00BA-4671-4959-8646-C4B86C114349}.Ad-Hoc|iPhone.ActiveCfg = Debug|Any CPU
		{831D00BA-4671-4959-8646-C4B86C114349}.Ad-Hoc|iPhone.Build.0 = Debug|Any CPU
		{831D00BA-4671-4959-8646-C4B86C114349}.Ad-Hoc|iPhoneSimulator.ActiveCfg = Debug|Any CPU
		{831D00BA-4671-4959-8646-C4B86C114349}.Ad-Hoc|iPhoneSimulator.Build.0 = Debug|Any CPU
		{831D00BA-4671-4959-8646-C4B86C114349}.AppStore|Any CPU.ActiveCfg = Debug|Any CPU
		{831D00BA-4671-4959-8646-C4B86C114349}.AppStore|Any CPU.Build.0 = Debug|Any CPU
		{831D00BA-4671-4959-8646-C4B86C114349}.AppStore|iPhone.ActiveCfg = Debug|Any CPU
		{831D00BA-4671-4959-8646-C4B86C114349}.AppStore|iPhone.Build.0 = Debug|Any CPU
		{831D00BA-4671-4959-8646-C4B86C114349}.AppStore|iPhoneSimulator.ActiveCfg = Debug|Any CPU
		{831D00BA-4671-4959-8646-C4B86C114349}.AppStore|iPhoneSimulator.Build.0 = Debug|Any CPU
		{831D00BA-4671-4959-8646-C4B86C114349}.Debug|Any CPU.ActiveCfg = Debug|Any CPU
		{831D00BA-4671-4959-8646-C4B86C114349}.Debug|Any CPU.Build.0 = Debug|Any CPU
		{831D00BA-4671-4959-8646-C4B86C114349}.Debug|iPhone.ActiveCfg = Debug|Any CPU
		{831D00BA-4671-4959-8646-C4B86C114349}.Debug|iPhone.Build.0 = Debug|Any CPU
		{831D00BA-4671-4959-8646-C4B86C114349}.Debug|iPhoneSimulator.ActiveCfg = Debug|Any CPU
		{831D00BA-4671-4959-8646-C4B86C114349}.Debug|iPhoneSimulator.Build.0 = Debug|Any CPU
		{831D00BA-4671-4959-8646-C4B86C114349}.Release|Any CPU.ActiveCfg = Release|Any CPU
		{831D00BA-4671-4959-8646-C4B86C114349}.Release|Any CPU.Build.0 = Release|Any CPU
		{831D00BA-4671-4959-8646-C4B86C114349}.Release|iPhone.ActiveCfg = Release|Any CPU
		{831D00BA-4671-4959-8646-C4B86C114349}.Release|iPhone.Build.0 = Release|Any CPU
		{831D00BA-4671-4959-8646-C4B86C114349}.Release|iPhoneSimulator.ActiveCfg = Release|Any CPU
		{831D00BA-4671-4959-8646-C4B86C114349}.Release|iPhoneSimulator.Build.0 = Release|Any CPU
		{3B4E18F1-A87F-4A5B-9DA8-8481FC167012}.Ad-Hoc|Any CPU.ActiveCfg = Debug|Any CPU
		{3B4E18F1-A87F-4A5B-9DA8-8481FC167012}.Ad-Hoc|Any CPU.Build.0 = Debug|Any CPU
		{3B4E18F1-A87F-4A5B-9DA8-8481FC167012}.Ad-Hoc|iPhone.ActiveCfg = Debug|Any CPU
		{3B4E18F1-A87F-4A5B-9DA8-8481FC167012}.Ad-Hoc|iPhone.Build.0 = Debug|Any CPU
		{3B4E18F1-A87F-4A5B-9DA8-8481FC167012}.Ad-Hoc|iPhoneSimulator.ActiveCfg = Debug|Any CPU
		{3B4E18F1-A87F-4A5B-9DA8-8481FC167012}.Ad-Hoc|iPhoneSimulator.Build.0 = Debug|Any CPU
		{3B4E18F1-A87F-4A5B-9DA8-8481FC167012}.AppStore|Any CPU.ActiveCfg = Debug|Any CPU
		{3B4E18F1-A87F-4A5B-9DA8-8481FC167012}.AppStore|Any CPU.Build.0 = Debug|Any CPU
		{3B4E18F1-A87F-4A5B-9DA8-8481FC167012}.AppStore|iPhone.ActiveCfg = Debug|Any CPU
		{3B4E18F1-A87F-4A5B-9DA8-8481FC167012}.AppStore|iPhone.Build.0 = Debug|Any CPU
		{3B4E18F1-A87F-4A5B-9DA8-8481FC167012}.AppStore|iPhoneSimulator.ActiveCfg = Debug|Any CPU
		{3B4E18F1-A87F-4A5B-9DA8-8481FC167012}.AppStore|iPhoneSimulator.Build.0 = Debug|Any CPU
		{3B4E18F1-A87F-4A5B-9DA8-8481FC167012}.Debug|Any CPU.ActiveCfg = Debug|Any CPU
		{3B4E18F1-A87F-4A5B-9DA8-8481FC167012}.Debug|Any CPU.Build.0 = Debug|Any CPU
		{3B4E18F1-A87F-4A5B-9DA8-8481FC167012}.Debug|iPhone.ActiveCfg = Debug|Any CPU
		{3B4E18F1-A87F-4A5B-9DA8-8481FC167012}.Debug|iPhone.Build.0 = Debug|Any CPU
		{3B4E18F1-A87F-4A5B-9DA8-8481FC167012}.Debug|iPhoneSimulator.ActiveCfg = Debug|Any CPU
		{3B4E18F1-A87F-4A5B-9DA8-8481FC167012}.Debug|iPhoneSimulator.Build.0 = Debug|Any CPU
		{3B4E18F1-A87F-4A5B-9DA8-8481FC167012}.Release|Any CPU.ActiveCfg = Release|Any CPU
		{3B4E18F1-A87F-4A5B-9DA8-8481FC167012}.Release|Any CPU.Build.0 = Release|Any CPU
		{3B4E18F1-A87F-4A5B-9DA8-8481FC167012}.Release|iPhone.ActiveCfg = Release|Any CPU
		{3B4E18F1-A87F-4A5B-9DA8-8481FC167012}.Release|iPhone.Build.0 = Release|Any CPU
		{3B4E18F1-A87F-4A5B-9DA8-8481FC167012}.Release|iPhoneSimulator.ActiveCfg = Release|Any CPU
		{3B4E18F1-A87F-4A5B-9DA8-8481FC167012}.Release|iPhoneSimulator.Build.0 = Release|Any CPU
		{856FF353-CFA9-458D-8706-0D30CDA71F99}.Ad-Hoc|Any CPU.ActiveCfg = Release|Any CPU
		{856FF353-CFA9-458D-8706-0D30CDA71F99}.Ad-Hoc|Any CPU.Build.0 = Release|Any CPU
		{856FF353-CFA9-458D-8706-0D30CDA71F99}.Ad-Hoc|Any CPU.Deploy.0 = Release|Any CPU
		{856FF353-CFA9-458D-8706-0D30CDA71F99}.Ad-Hoc|iPhone.ActiveCfg = Release|Any CPU
		{856FF353-CFA9-458D-8706-0D30CDA71F99}.Ad-Hoc|iPhone.Build.0 = Release|Any CPU
		{856FF353-CFA9-458D-8706-0D30CDA71F99}.Ad-Hoc|iPhone.Deploy.0 = Release|Any CPU
		{856FF353-CFA9-458D-8706-0D30CDA71F99}.Ad-Hoc|iPhoneSimulator.ActiveCfg = Release|Any CPU
		{856FF353-CFA9-458D-8706-0D30CDA71F99}.Ad-Hoc|iPhoneSimulator.Build.0 = Release|Any CPU
		{856FF353-CFA9-458D-8706-0D30CDA71F99}.Ad-Hoc|iPhoneSimulator.Deploy.0 = Release|Any CPU
		{856FF353-CFA9-458D-8706-0D30CDA71F99}.AppStore|Any CPU.ActiveCfg = Release|Any CPU
		{856FF353-CFA9-458D-8706-0D30CDA71F99}.AppStore|Any CPU.Build.0 = Release|Any CPU
		{856FF353-CFA9-458D-8706-0D30CDA71F99}.AppStore|Any CPU.Deploy.0 = Release|Any CPU
		{856FF353-CFA9-458D-8706-0D30CDA71F99}.AppStore|iPhone.ActiveCfg = Release|Any CPU
		{856FF353-CFA9-458D-8706-0D30CDA71F99}.AppStore|iPhone.Build.0 = Release|Any CPU
		{856FF353-CFA9-458D-8706-0D30CDA71F99}.AppStore|iPhone.Deploy.0 = Release|Any CPU
		{856FF353-CFA9-458D-8706-0D30CDA71F99}.AppStore|iPhoneSimulator.ActiveCfg = Release|Any CPU
		{856FF353-CFA9-458D-8706-0D30CDA71F99}.AppStore|iPhoneSimulator.Build.0 = Release|Any CPU
		{856FF353-CFA9-458D-8706-0D30CDA71F99}.AppStore|iPhoneSimulator.Deploy.0 = Release|Any CPU
		{856FF353-CFA9-458D-8706-0D30CDA71F99}.Debug|Any CPU.ActiveCfg = Debug|Any CPU
		{856FF353-CFA9-458D-8706-0D30CDA71F99}.Debug|Any CPU.Build.0 = Debug|Any CPU
		{856FF353-CFA9-458D-8706-0D30CDA71F99}.Debug|Any CPU.Deploy.0 = Debug|Any CPU
		{856FF353-CFA9-458D-8706-0D30CDA71F99}.Debug|iPhone.ActiveCfg = Debug|Any CPU
		{856FF353-CFA9-458D-8706-0D30CDA71F99}.Debug|iPhone.Build.0 = Debug|Any CPU
		{856FF353-CFA9-458D-8706-0D30CDA71F99}.Debug|iPhone.Deploy.0 = Debug|Any CPU
		{856FF353-CFA9-458D-8706-0D30CDA71F99}.Debug|iPhoneSimulator.ActiveCfg = Debug|Any CPU
		{856FF353-CFA9-458D-8706-0D30CDA71F99}.Debug|iPhoneSimulator.Build.0 = Debug|Any CPU
		{856FF353-CFA9-458D-8706-0D30CDA71F99}.Debug|iPhoneSimulator.Deploy.0 = Debug|Any CPU
		{856FF353-CFA9-458D-8706-0D30CDA71F99}.Release|Any CPU.ActiveCfg = Release|Any CPU
		{856FF353-CFA9-458D-8706-0D30CDA71F99}.Release|Any CPU.Build.0 = Release|Any CPU
		{856FF353-CFA9-458D-8706-0D30CDA71F99}.Release|Any CPU.Deploy.0 = Release|Any CPU
		{856FF353-CFA9-458D-8706-0D30CDA71F99}.Release|iPhone.ActiveCfg = Release|Any CPU
		{856FF353-CFA9-458D-8706-0D30CDA71F99}.Release|iPhone.Build.0 = Release|Any CPU
		{856FF353-CFA9-458D-8706-0D30CDA71F99}.Release|iPhone.Deploy.0 = Release|Any CPU
		{856FF353-CFA9-458D-8706-0D30CDA71F99}.Release|iPhoneSimulator.ActiveCfg = Release|Any CPU
		{856FF353-CFA9-458D-8706-0D30CDA71F99}.Release|iPhoneSimulator.Build.0 = Release|Any CPU
		{856FF353-CFA9-458D-8706-0D30CDA71F99}.Release|iPhoneSimulator.Deploy.0 = Release|Any CPU
		{13870468-EDAB-475A-A469-7BD0463C8325}.Ad-Hoc|Any CPU.ActiveCfg = Ad-Hoc|iPhone
		{13870468-EDAB-475A-A469-7BD0463C8325}.Ad-Hoc|iPhone.ActiveCfg = Ad-Hoc|iPhone
		{13870468-EDAB-475A-A469-7BD0463C8325}.Ad-Hoc|iPhone.Build.0 = Ad-Hoc|iPhone
		{13870468-EDAB-475A-A469-7BD0463C8325}.Ad-Hoc|iPhoneSimulator.ActiveCfg = Ad-Hoc|iPhoneSimulator
		{13870468-EDAB-475A-A469-7BD0463C8325}.Ad-Hoc|iPhoneSimulator.Build.0 = Ad-Hoc|iPhoneSimulator
		{13870468-EDAB-475A-A469-7BD0463C8325}.AppStore|Any CPU.ActiveCfg = AppStore|iPhone
		{13870468-EDAB-475A-A469-7BD0463C8325}.AppStore|iPhone.ActiveCfg = AppStore|iPhone
		{13870468-EDAB-475A-A469-7BD0463C8325}.AppStore|iPhone.Build.0 = AppStore|iPhone
		{13870468-EDAB-475A-A469-7BD0463C8325}.AppStore|iPhoneSimulator.ActiveCfg = AppStore|iPhoneSimulator
		{13870468-EDAB-475A-A469-7BD0463C8325}.AppStore|iPhoneSimulator.Build.0 = AppStore|iPhoneSimulator
		{13870468-EDAB-475A-A469-7BD0463C8325}.Debug|Any CPU.ActiveCfg = Debug|iPhone
		{13870468-EDAB-475A-A469-7BD0463C8325}.Debug|iPhone.ActiveCfg = Debug|iPhone
		{13870468-EDAB-475A-A469-7BD0463C8325}.Debug|iPhone.Build.0 = Debug|iPhone
		{13870468-EDAB-475A-A469-7BD0463C8325}.Debug|iPhoneSimulator.ActiveCfg = Debug|iPhoneSimulator
		{13870468-EDAB-475A-A469-7BD0463C8325}.Debug|iPhoneSimulator.Build.0 = Debug|iPhoneSimulator
		{13870468-EDAB-475A-A469-7BD0463C8325}.Release|Any CPU.ActiveCfg = Release|iPhone
		{13870468-EDAB-475A-A469-7BD0463C8325}.Release|iPhone.ActiveCfg = Release|iPhone
		{13870468-EDAB-475A-A469-7BD0463C8325}.Release|iPhone.Build.0 = Release|iPhone
		{13870468-EDAB-475A-A469-7BD0463C8325}.Release|iPhoneSimulator.ActiveCfg = Release|iPhoneSimulator
		{13870468-EDAB-475A-A469-7BD0463C8325}.Release|iPhoneSimulator.Build.0 = Release|iPhoneSimulator
		{01B3F773-2A5F-47B1-BDFF-21BA188FE315}.Ad-Hoc|Any CPU.ActiveCfg = Release|Any CPU
		{01B3F773-2A5F-47B1-BDFF-21BA188FE315}.Ad-Hoc|Any CPU.Build.0 = Release|Any CPU
		{01B3F773-2A5F-47B1-BDFF-21BA188FE315}.Ad-Hoc|Any CPU.Deploy.0 = Release|Any CPU
		{01B3F773-2A5F-47B1-BDFF-21BA188FE315}.Ad-Hoc|iPhone.ActiveCfg = Release|Any CPU
		{01B3F773-2A5F-47B1-BDFF-21BA188FE315}.Ad-Hoc|iPhone.Build.0 = Release|Any CPU
		{01B3F773-2A5F-47B1-BDFF-21BA188FE315}.Ad-Hoc|iPhone.Deploy.0 = Release|Any CPU
		{01B3F773-2A5F-47B1-BDFF-21BA188FE315}.Ad-Hoc|iPhoneSimulator.ActiveCfg = Release|Any CPU
		{01B3F773-2A5F-47B1-BDFF-21BA188FE315}.Ad-Hoc|iPhoneSimulator.Build.0 = Release|Any CPU
		{01B3F773-2A5F-47B1-BDFF-21BA188FE315}.Ad-Hoc|iPhoneSimulator.Deploy.0 = Release|Any CPU
		{01B3F773-2A5F-47B1-BDFF-21BA188FE315}.AppStore|Any CPU.ActiveCfg = Release|Any CPU
		{01B3F773-2A5F-47B1-BDFF-21BA188FE315}.AppStore|Any CPU.Build.0 = Release|Any CPU
		{01B3F773-2A5F-47B1-BDFF-21BA188FE315}.AppStore|Any CPU.Deploy.0 = Release|Any CPU
		{01B3F773-2A5F-47B1-BDFF-21BA188FE315}.AppStore|iPhone.ActiveCfg = Release|Any CPU
		{01B3F773-2A5F-47B1-BDFF-21BA188FE315}.AppStore|iPhone.Build.0 = Release|Any CPU
		{01B3F773-2A5F-47B1-BDFF-21BA188FE315}.AppStore|iPhone.Deploy.0 = Release|Any CPU
		{01B3F773-2A5F-47B1-BDFF-21BA188FE315}.AppStore|iPhoneSimulator.ActiveCfg = Release|Any CPU
		{01B3F773-2A5F-47B1-BDFF-21BA188FE315}.AppStore|iPhoneSimulator.Build.0 = Release|Any CPU
		{01B3F773-2A5F-47B1-BDFF-21BA188FE315}.AppStore|iPhoneSimulator.Deploy.0 = Release|Any CPU
		{01B3F773-2A5F-47B1-BDFF-21BA188FE315}.Debug|Any CPU.ActiveCfg = Debug|Any CPU
		{01B3F773-2A5F-47B1-BDFF-21BA188FE315}.Debug|Any CPU.Build.0 = Debug|Any CPU
		{01B3F773-2A5F-47B1-BDFF-21BA188FE315}.Debug|Any CPU.Deploy.0 = Debug|Any CPU
		{01B3F773-2A5F-47B1-BDFF-21BA188FE315}.Debug|iPhone.ActiveCfg = Debug|Any CPU
		{01B3F773-2A5F-47B1-BDFF-21BA188FE315}.Debug|iPhone.Build.0 = Debug|Any CPU
		{01B3F773-2A5F-47B1-BDFF-21BA188FE315}.Debug|iPhone.Deploy.0 = Debug|Any CPU
		{01B3F773-2A5F-47B1-BDFF-21BA188FE315}.Debug|iPhoneSimulator.ActiveCfg = Debug|Any CPU
		{01B3F773-2A5F-47B1-BDFF-21BA188FE315}.Debug|iPhoneSimulator.Build.0 = Debug|Any CPU
		{01B3F773-2A5F-47B1-BDFF-21BA188FE315}.Debug|iPhoneSimulator.Deploy.0 = Debug|Any CPU
		{01B3F773-2A5F-47B1-BDFF-21BA188FE315}.Release|Any CPU.ActiveCfg = Release|Any CPU
		{01B3F773-2A5F-47B1-BDFF-21BA188FE315}.Release|Any CPU.Build.0 = Release|Any CPU
		{01B3F773-2A5F-47B1-BDFF-21BA188FE315}.Release|Any CPU.Deploy.0 = Release|Any CPU
		{01B3F773-2A5F-47B1-BDFF-21BA188FE315}.Release|iPhone.ActiveCfg = Release|Any CPU
		{01B3F773-2A5F-47B1-BDFF-21BA188FE315}.Release|iPhone.Build.0 = Release|Any CPU
		{01B3F773-2A5F-47B1-BDFF-21BA188FE315}.Release|iPhone.Deploy.0 = Release|Any CPU
		{01B3F773-2A5F-47B1-BDFF-21BA188FE315}.Release|iPhoneSimulator.ActiveCfg = Release|Any CPU
		{01B3F773-2A5F-47B1-BDFF-21BA188FE315}.Release|iPhoneSimulator.Build.0 = Release|Any CPU
		{01B3F773-2A5F-47B1-BDFF-21BA188FE315}.Release|iPhoneSimulator.Deploy.0 = Release|Any CPU
		{BC159DE3-ED72-4669-9DD2-C15345B8F15D}.Ad-Hoc|Any CPU.ActiveCfg = Release|iPhone
		{BC159DE3-ED72-4669-9DD2-C15345B8F15D}.Ad-Hoc|Any CPU.Build.0 = Release|iPhone
		{BC159DE3-ED72-4669-9DD2-C15345B8F15D}.Ad-Hoc|iPhone.ActiveCfg = Release|iPhone
		{BC159DE3-ED72-4669-9DD2-C15345B8F15D}.Ad-Hoc|iPhone.Build.0 = Release|iPhone
		{BC159DE3-ED72-4669-9DD2-C15345B8F15D}.Ad-Hoc|iPhoneSimulator.ActiveCfg = Release|iPhoneSimulator
		{BC159DE3-ED72-4669-9DD2-C15345B8F15D}.Ad-Hoc|iPhoneSimulator.Build.0 = Release|iPhoneSimulator
		{BC159DE3-ED72-4669-9DD2-C15345B8F15D}.AppStore|Any CPU.ActiveCfg = Release|iPhone
		{BC159DE3-ED72-4669-9DD2-C15345B8F15D}.AppStore|Any CPU.Build.0 = Release|iPhone
		{BC159DE3-ED72-4669-9DD2-C15345B8F15D}.AppStore|iPhone.ActiveCfg = Release|iPhone
		{BC159DE3-ED72-4669-9DD2-C15345B8F15D}.AppStore|iPhone.Build.0 = Release|iPhone
		{BC159DE3-ED72-4669-9DD2-C15345B8F15D}.AppStore|iPhoneSimulator.ActiveCfg = Release|iPhoneSimulator
		{BC159DE3-ED72-4669-9DD2-C15345B8F15D}.AppStore|iPhoneSimulator.Build.0 = Release|iPhoneSimulator
		{BC159DE3-ED72-4669-9DD2-C15345B8F15D}.Debug|Any CPU.ActiveCfg = Debug|iPhone
		{BC159DE3-ED72-4669-9DD2-C15345B8F15D}.Debug|iPhone.ActiveCfg = Debug|iPhone
		{BC159DE3-ED72-4669-9DD2-C15345B8F15D}.Debug|iPhone.Build.0 = Debug|iPhone
		{BC159DE3-ED72-4669-9DD2-C15345B8F15D}.Debug|iPhoneSimulator.ActiveCfg = Debug|iPhoneSimulator
		{BC159DE3-ED72-4669-9DD2-C15345B8F15D}.Debug|iPhoneSimulator.Build.0 = Debug|iPhoneSimulator
		{BC159DE3-ED72-4669-9DD2-C15345B8F15D}.Release|Any CPU.ActiveCfg = Release|iPhone
		{BC159DE3-ED72-4669-9DD2-C15345B8F15D}.Release|iPhone.ActiveCfg = Release|iPhone
		{BC159DE3-ED72-4669-9DD2-C15345B8F15D}.Release|iPhone.Build.0 = Release|iPhone
		{BC159DE3-ED72-4669-9DD2-C15345B8F15D}.Release|iPhoneSimulator.ActiveCfg = Release|iPhoneSimulator
		{BC159DE3-ED72-4669-9DD2-C15345B8F15D}.Release|iPhoneSimulator.Build.0 = Release|iPhoneSimulator
	EndGlobalSection
	GlobalSection(SolutionProperties) = preSolution
		HideSolutionNode = FALSE
	EndGlobalSection
	GlobalSection(ExtensibilityGlobals) = postSolution
		SolutionGuid = {8E55A7CB-C699-4BEB-93F0-515DBD72127D}
	EndGlobalSection
EndGlobal
